// !$*UTF8*$!
{
	archiveVersion = 1;
	classes = {
	};
	objectVersion = 56;
	objects = {

/* Begin PBXBuildFile section */
		520B41B22B0FD4FA00479123 /* ProductVC.swift in Sources */ = {isa = PBXBuildFile; fileRef = 520B41B12B0FD4FA00479123 /* ProductVC.swift */; };
		520B41B42B0FD50500479123 /* CharacterVC.swift in Sources */ = {isa = PBXBuildFile; fileRef = 520B41B32B0FD50500479123 /* CharacterVC.swift */; };
		520B41B62B0FD50F00479123 /* EpisodeVC.swift in Sources */ = {isa = PBXBuildFile; fileRef = 520B41B52B0FD50F00479123 /* EpisodeVC.swift */; };
		520B41B82B0FD51E00479123 /* TabBar.swift in Sources */ = {isa = PBXBuildFile; fileRef = 520B41B72B0FD51E00479123 /* TabBar.swift */; };
		520B41BA2B0FD78A00479123 /* CharacterCell.swift in Sources */ = {isa = PBXBuildFile; fileRef = 520B41B92B0FD78A00479123 /* CharacterCell.swift */; };
		520B41BD2B0FE46300479123 /* ProductCell.swift in Sources */ = {isa = PBXBuildFile; fileRef = 520B41BC2B0FE46300479123 /* ProductCell.swift */; };
		520B41BF2B0FE4DF00479123 /* EpisodeCell.swift in Sources */ = {isa = PBXBuildFile; fileRef = 520B41BE2B0FE4DF00479123 /* EpisodeCell.swift */; };
		52143D272B0E868F00C842CB /* NetworkHelper.swift in Sources */ = {isa = PBXBuildFile; fileRef = 52143D262B0E868F00C842CB /* NetworkHelper.swift */; };
		52143D292B0E891800C842CB /* NetworkManager.swift in Sources */ = {isa = PBXBuildFile; fileRef = 52143D282B0E891800C842CB /* NetworkManager.swift */; };
		52143D2C2B0E8A6900C842CB /* Alamofire in Frameworks */ = {isa = PBXBuildFile; productRef = 52143D2B2B0E8A6900C842CB /* Alamofire */; };
		52143D2E2B0E9FB300C842CB /* EpisodeModel.swift in Sources */ = {isa = PBXBuildFile; fileRef = 52143D2D2B0E9FB300C842CB /* EpisodeModel.swift */; };
		52143D312B0E9FE900C842CB /* EpisodeService.swift in Sources */ = {isa = PBXBuildFile; fileRef = 52143D302B0E9FE900C842CB /* EpisodeService.swift */; };
		52143D332B0EAE9A00C842CB /* CharacterModel.swift in Sources */ = {isa = PBXBuildFile; fileRef = 52143D322B0EAE9A00C842CB /* CharacterModel.swift */; };
		52143D352B0EAEE200C842CB /* ProductsModel.swift in Sources */ = {isa = PBXBuildFile; fileRef = 52143D342B0EAEE200C842CB /* ProductsModel.swift */; };
		52143D382B0EAF1300C842CB /* CharacterService.swift in Sources */ = {isa = PBXBuildFile; fileRef = 52143D372B0EAF1300C842CB /* CharacterService.swift */; };
		52143D3B2B0EAFF600C842CB /* ProductsService.swift in Sources */ = {isa = PBXBuildFile; fileRef = 52143D3A2B0EAFF600C842CB /* ProductsService.swift */; };
		526462302B0D5EDA00B06427 /* AppDelegate.swift in Sources */ = {isa = PBXBuildFile; fileRef = 5264622F2B0D5EDA00B06427 /* AppDelegate.swift */; };
		526462322B0D5EDA00B06427 /* SceneDelegate.swift in Sources */ = {isa = PBXBuildFile; fileRef = 526462312B0D5EDA00B06427 /* SceneDelegate.swift */; };
		526462342B0D5EDA00B06427 /* OnboardingVC.swift in Sources */ = {isa = PBXBuildFile; fileRef = 526462332B0D5EDA00B06427 /* OnboardingVC.swift */; };
		526462392B0D5EDB00B06427 /* Assets.xcassets in Resources */ = {isa = PBXBuildFile; fileRef = 526462382B0D5EDB00B06427 /* Assets.xcassets */; };
		5264623C2B0D5EDB00B06427 /* LaunchScreen.storyboard in Resources */ = {isa = PBXBuildFile; fileRef = 5264623A2B0D5EDB00B06427 /* LaunchScreen.storyboard */; };
/* End PBXBuildFile section */

/* Begin PBXFileReference section */
		520B41B12B0FD4FA00479123 /* ProductVC.swift */ = {isa = PBXFileReference; lastKnownFileType = sourcecode.swift; path = ProductVC.swift; sourceTree = "<group>"; };
		520B41B32B0FD50500479123 /* CharacterVC.swift */ = {isa = PBXFileReference; lastKnownFileType = sourcecode.swift; path = CharacterVC.swift; sourceTree = "<group>"; };
		520B41B52B0FD50F00479123 /* EpisodeVC.swift */ = {isa = PBXFileReference; lastKnownFileType = sourcecode.swift; path = EpisodeVC.swift; sourceTree = "<group>"; };
		520B41B72B0FD51E00479123 /* TabBar.swift */ = {isa = PBXFileReference; lastKnownFileType = sourcecode.swift; path = TabBar.swift; sourceTree = "<group>"; };
		520B41B92B0FD78A00479123 /* CharacterCell.swift */ = {isa = PBXFileReference; lastKnownFileType = sourcecode.swift; path = CharacterCell.swift; sourceTree = "<group>"; };
		520B41BC2B0FE46300479123 /* ProductCell.swift */ = {isa = PBXFileReference; lastKnownFileType = sourcecode.swift; path = ProductCell.swift; sourceTree = "<group>"; };
		520B41BE2B0FE4DF00479123 /* EpisodeCell.swift */ = {isa = PBXFileReference; lastKnownFileType = sourcecode.swift; path = EpisodeCell.swift; sourceTree = "<group>"; };
		52143D262B0E868F00C842CB /* NetworkHelper.swift */ = {isa = PBXFileReference; lastKnownFileType = sourcecode.swift; path = NetworkHelper.swift; sourceTree = "<group>"; };
		52143D282B0E891800C842CB /* NetworkManager.swift */ = {isa = PBXFileReference; lastKnownFileType = sourcecode.swift; path = NetworkManager.swift; sourceTree = "<group>"; };
		52143D2D2B0E9FB300C842CB /* EpisodeModel.swift */ = {isa = PBXFileReference; lastKnownFileType = sourcecode.swift; path = EpisodeModel.swift; sourceTree = "<group>"; };
		52143D302B0E9FE900C842CB /* EpisodeService.swift */ = {isa = PBXFileReference; lastKnownFileType = sourcecode.swift; path = EpisodeService.swift; sourceTree = "<group>"; };
		52143D322B0EAE9A00C842CB /* CharacterModel.swift */ = {isa = PBXFileReference; lastKnownFileType = sourcecode.swift; path = CharacterModel.swift; sourceTree = "<group>"; };
		52143D342B0EAEE200C842CB /* ProductsModel.swift */ = {isa = PBXFileReference; lastKnownFileType = sourcecode.swift; path = ProductsModel.swift; sourceTree = "<group>"; };
		52143D372B0EAF1300C842CB /* CharacterService.swift */ = {isa = PBXFileReference; lastKnownFileType = sourcecode.swift; path = CharacterService.swift; sourceTree = "<group>"; };
		52143D3A2B0EAFF600C842CB /* ProductsService.swift */ = {isa = PBXFileReference; lastKnownFileType = sourcecode.swift; path = ProductsService.swift; sourceTree = "<group>"; };
		5264622C2B0D5EDA00B06427 /* SimpsonProject.app */ = {isa = PBXFileReference; explicitFileType = wrapper.application; includeInIndex = 0; path = SimpsonProject.app; sourceTree = BUILT_PRODUCTS_DIR; };
		5264622F2B0D5EDA00B06427 /* AppDelegate.swift */ = {isa = PBXFileReference; lastKnownFileType = sourcecode.swift; path = AppDelegate.swift; sourceTree = "<group>"; };
		526462312B0D5EDA00B06427 /* SceneDelegate.swift */ = {isa = PBXFileReference; lastKnownFileType = sourcecode.swift; path = SceneDelegate.swift; sourceTree = "<group>"; };
		526462332B0D5EDA00B06427 /* OnboardingVC.swift */ = {isa = PBXFileReference; lastKnownFileType = sourcecode.swift; path = OnboardingVC.swift; sourceTree = "<group>"; };
		526462382B0D5EDB00B06427 /* Assets.xcassets */ = {isa = PBXFileReference; lastKnownFileType = folder.assetcatalog; path = Assets.xcassets; sourceTree = "<group>"; };
		5264623B2B0D5EDB00B06427 /* Base */ = {isa = PBXFileReference; lastKnownFileType = file.storyboard; name = Base; path = Base.lproj/LaunchScreen.storyboard; sourceTree = "<group>"; };
		5264623D2B0D5EDB00B06427 /* Info.plist */ = {isa = PBXFileReference; lastKnownFileType = text.plist.xml; path = Info.plist; sourceTree = "<group>"; };
/* End PBXFileReference section */

/* Begin PBXFrameworksBuildPhase section */
		526462292B0D5EDA00B06427 /* Frameworks */ = {
			isa = PBXFrameworksBuildPhase;
			buildActionMask = 2147483647;
			files = (
				52143D2C2B0E8A6900C842CB /* Alamofire in Frameworks */,
			);
			runOnlyForDeploymentPostprocessing = 0;
		};
/* End PBXFrameworksBuildPhase section */

/* Begin PBXGroup section */
		520B41AE2B0FD42500479123 /* EpisodeService */ = {
			isa = PBXGroup;
			children = (
				52143D302B0E9FE900C842CB /* EpisodeService.swift */,
			);
			path = EpisodeService;
			sourceTree = "<group>";
		};
		520B41AF2B0FD43400479123 /* ProductService */ = {
			isa = PBXGroup;
			children = (
				52143D3A2B0EAFF600C842CB /* ProductsService.swift */,
			);
			path = ProductService;
			sourceTree = "<group>";
		};
		520B41B02B0FD43F00479123 /* CharacterService */ = {
			isa = PBXGroup;
			children = (
				52143D372B0EAF1300C842CB /* CharacterService.swift */,
			);
			path = CharacterService;
			sourceTree = "<group>";
		};
		520B41BB2B0FE43B00479123 /* Cells */ = {
			isa = PBXGroup;
			children = (
				520B41B92B0FD78A00479123 /* CharacterCell.swift */,
				520B41BC2B0FE46300479123 /* ProductCell.swift */,
				520B41BE2B0FE4DF00479123 /* EpisodeCell.swift */,
			);
			path = Cells;
			sourceTree = "<group>";
		};
		52143D242B0E867000C842CB /* Service */ = {
			isa = PBXGroup;
			children = (
				520B41B02B0FD43F00479123 /* CharacterService */,
				520B41AF2B0FD43400479123 /* ProductService */,
				520B41AE2B0FD42500479123 /* EpisodeService */,
				52143D252B0E867D00C842CB /* Core */,
			);
			path = Service;
			sourceTree = "<group>";
		};
		52143D252B0E867D00C842CB /* Core */ = {
			isa = PBXGroup;
			children = (
				52143D262B0E868F00C842CB /* NetworkHelper.swift */,
				52143D282B0E891800C842CB /* NetworkManager.swift */,
			);
			path = Core;
			sourceTree = "<group>";
		};
		526462232B0D5EDA00B06427 = {
			isa = PBXGroup;
			children = (
				5264622E2B0D5EDA00B06427 /* SimpsonProject */,
				5264622D2B0D5EDA00B06427 /* Products */,
			);
			sourceTree = "<group>";
		};
		5264622D2B0D5EDA00B06427 /* Products */ = {
			isa = PBXGroup;
			children = (
				5264622C2B0D5EDA00B06427 /* SimpsonProject.app */,
			);
			name = Products;
			sourceTree = "<group>";
		};
		5264622E2B0D5EDA00B06427 /* SimpsonProject */ = {
			isa = PBXGroup;
			children = (
				52143D242B0E867000C842CB /* Service */,
				526462462B0D62AA00B06427 /* Model */,
				526462452B0D62A400B06427 /* ViewModel */,
				526462442B0D629E00B06427 /* View */,
				5264622F2B0D5EDA00B06427 /* AppDelegate.swift */,
				526462312B0D5EDA00B06427 /* SceneDelegate.swift */,
				526462382B0D5EDB00B06427 /* Assets.xcassets */,
				5264623A2B0D5EDB00B06427 /* LaunchScreen.storyboard */,
				5264623D2B0D5EDB00B06427 /* Info.plist */,
			);
			path = SimpsonProject;
			sourceTree = "<group>";
		};
		526462442B0D629E00B06427 /* View */ = {
			isa = PBXGroup;
			children = (
				520B41BB2B0FE43B00479123 /* Cells */,
				526462332B0D5EDA00B06427 /* OnboardingVC.swift */,
				520B41B32B0FD50500479123 /* CharacterVC.swift */,
				520B41B12B0FD4FA00479123 /* ProductVC.swift */,
				520B41B52B0FD50F00479123 /* EpisodeVC.swift */,
				520B41B72B0FD51E00479123 /* TabBar.swift */,
			);
			path = View;
			sourceTree = "<group>";
		};
		526462452B0D62A400B06427 /* ViewModel */ = {
			isa = PBXGroup;
			children = (
			);
			path = ViewModel;
			sourceTree = "<group>";
		};
		526462462B0D62AA00B06427 /* Model */ = {
			isa = PBXGroup;
			children = (
				52143D2D2B0E9FB300C842CB /* EpisodeModel.swift */,
				52143D322B0EAE9A00C842CB /* CharacterModel.swift */,
				52143D342B0EAEE200C842CB /* ProductsModel.swift */,
			);
			path = Model;
			sourceTree = "<group>";
		};
/* End PBXGroup section */

/* Begin PBXNativeTarget section */
		5264622B2B0D5EDA00B06427 /* SimpsonProject */ = {
			isa = PBXNativeTarget;
			buildConfigurationList = 526462402B0D5EDB00B06427 /* Build configuration list for PBXNativeTarget "SimpsonProject" */;
			buildPhases = (
				526462282B0D5EDA00B06427 /* Sources */,
				526462292B0D5EDA00B06427 /* Frameworks */,
				5264622A2B0D5EDA00B06427 /* Resources */,
			);
			buildRules = (
			);
			dependencies = (
			);
			name = SimpsonProject;
			packageProductDependencies = (
				52143D2B2B0E8A6900C842CB /* Alamofire */,
			);
			productName = SimpsonProject;
			productReference = 5264622C2B0D5EDA00B06427 /* SimpsonProject.app */;
			productType = "com.apple.product-type.application";
		};
/* End PBXNativeTarget section */

/* Begin PBXProject section */
		526462242B0D5EDA00B06427 /* Project object */ = {
			isa = PBXProject;
			attributes = {
				BuildIndependentTargetsInParallel = 1;
				LastSwiftUpdateCheck = 1500;
				LastUpgradeCheck = 1500;
				TargetAttributes = {
					5264622B2B0D5EDA00B06427 = {
						CreatedOnToolsVersion = 15.0.1;
					};
				};
			};
			buildConfigurationList = 526462272B0D5EDA00B06427 /* Build configuration list for PBXProject "SimpsonProject" */;
			compatibilityVersion = "Xcode 14.0";
			developmentRegion = en;
			hasScannedForEncodings = 0;
			knownRegions = (
				en,
				Base,
			);
			mainGroup = 526462232B0D5EDA00B06427;
			packageReferences = (
				52143D2A2B0E8A6900C842CB /* XCRemoteSwiftPackageReference "Alamofire" */,
			);
			productRefGroup = 5264622D2B0D5EDA00B06427 /* Products */;
			projectDirPath = "";
			projectRoot = "";
			targets = (
				5264622B2B0D5EDA00B06427 /* SimpsonProject */,
			);
		};
/* End PBXProject section */

/* Begin PBXResourcesBuildPhase section */
		5264622A2B0D5EDA00B06427 /* Resources */ = {
			isa = PBXResourcesBuildPhase;
			buildActionMask = 2147483647;
			files = (
				5264623C2B0D5EDB00B06427 /* LaunchScreen.storyboard in Resources */,
				526462392B0D5EDB00B06427 /* Assets.xcassets in Resources */,
			);
			runOnlyForDeploymentPostprocessing = 0;
		};
/* End PBXResourcesBuildPhase section */

/* Begin PBXSourcesBuildPhase section */
		526462282B0D5EDA00B06427 /* Sources */ = {
			isa = PBXSourcesBuildPhase;
			buildActionMask = 2147483647;
			files = (
				520B41B62B0FD50F00479123 /* EpisodeVC.swift in Sources */,
				520B41B22B0FD4FA00479123 /* ProductVC.swift in Sources */,
				520B41B42B0FD50500479123 /* CharacterVC.swift in Sources */,
				52143D272B0E868F00C842CB /* NetworkHelper.swift in Sources */,
				52143D352B0EAEE200C842CB /* ProductsModel.swift in Sources */,
				526462342B0D5EDA00B06427 /* OnboardingVC.swift in Sources */,
				52143D292B0E891800C842CB /* NetworkManager.swift in Sources */,
				52143D312B0E9FE900C842CB /* EpisodeService.swift in Sources */,
				52143D382B0EAF1300C842CB /* CharacterService.swift in Sources */,
				520B41B82B0FD51E00479123 /* TabBar.swift in Sources */,
				526462302B0D5EDA00B06427 /* AppDelegate.swift in Sources */,
				520B41BA2B0FD78A00479123 /* CharacterCell.swift in Sources */,
				520B41BD2B0FE46300479123 /* ProductCell.swift in Sources */,
				52143D332B0EAE9A00C842CB /* CharacterModel.swift in Sources */,
				526462322B0D5EDA00B06427 /* SceneDelegate.swift in Sources */,
				52143D2E2B0E9FB300C842CB /* EpisodeModel.swift in Sources */,
				52143D3B2B0EAFF600C842CB /* ProductsService.swift in Sources */,
				520B41BF2B0FE4DF00479123 /* EpisodeCell.swift in Sources */,
			);
			runOnlyForDeploymentPostprocessing = 0;
		};
/* End PBXSourcesBuildPhase section */

/* Begin PBXVariantGroup section */
		5264623A2B0D5EDB00B06427 /* LaunchScreen.storyboard */ = {
			isa = PBXVariantGroup;
			children = (
				5264623B2B0D5EDB00B06427 /* Base */,
			);
			name = LaunchScreen.storyboard;
			sourceTree = "<group>";
		};
/* End PBXVariantGroup section */

/* Begin XCBuildConfiguration section */
		5264623E2B0D5EDB00B06427 /* Debug */ = {
			isa = XCBuildConfiguration;
			buildSettings = {
				ALWAYS_SEARCH_USER_PATHS = NO;
				ASSETCATALOG_COMPILER_GENERATE_SWIFT_ASSET_SYMBOL_EXTENSIONS = YES;
				CLANG_ANALYZER_NONNULL = YES;
				CLANG_ANALYZER_NUMBER_OBJECT_CONVERSION = YES_AGGRESSIVE;
				CLANG_CXX_LANGUAGE_STANDARD = "gnu++20";
				CLANG_ENABLE_MODULES = YES;
				CLANG_ENABLE_OBJC_ARC = YES;
				CLANG_ENABLE_OBJC_WEAK = YES;
				CLANG_WARN_BLOCK_CAPTURE_AUTORELEASING = YES;
				CLANG_WARN_BOOL_CONVERSION = YES;
				CLANG_WARN_COMMA = YES;
				CLANG_WARN_CONSTANT_CONVERSION = YES;
				CLANG_WARN_DEPRECATED_OBJC_IMPLEMENTATIONS = YES;
				CLANG_WARN_DIRECT_OBJC_ISA_USAGE = YES_ERROR;
				CLANG_WARN_DOCUMENTATION_COMMENTS = YES;
				CLANG_WARN_EMPTY_BODY = YES;
				CLANG_WARN_ENUM_CONVERSION = YES;
				CLANG_WARN_INFINITE_RECURSION = YES;
				CLANG_WARN_INT_CONVERSION = YES;
				CLANG_WARN_NON_LITERAL_NULL_CONVERSION = YES;
				CLANG_WARN_OBJC_IMPLICIT_RETAIN_SELF = YES;
				CLANG_WARN_OBJC_LITERAL_CONVERSION = YES;
				CLANG_WARN_OBJC_ROOT_CLASS = YES_ERROR;
				CLANG_WARN_QUOTED_INCLUDE_IN_FRAMEWORK_HEADER = YES;
				CLANG_WARN_RANGE_LOOP_ANALYSIS = YES;
				CLANG_WARN_STRICT_PROTOTYPES = YES;
				CLANG_WARN_SUSPICIOUS_MOVE = YES;
				CLANG_WARN_UNGUARDED_AVAILABILITY = YES_AGGRESSIVE;
				CLANG_WARN_UNREACHABLE_CODE = YES;
				CLANG_WARN__DUPLICATE_METHOD_MATCH = YES;
				COPY_PHASE_STRIP = NO;
				DEBUG_INFORMATION_FORMAT = dwarf;
				ENABLE_STRICT_OBJC_MSGSEND = YES;
				ENABLE_TESTABILITY = YES;
				ENABLE_USER_SCRIPT_SANDBOXING = YES;
				GCC_C_LANGUAGE_STANDARD = gnu17;
				GCC_DYNAMIC_NO_PIC = NO;
				GCC_NO_COMMON_BLOCKS = YES;
				GCC_OPTIMIZATION_LEVEL = 0;
				GCC_PREPROCESSOR_DEFINITIONS = (
					"DEBUG=1",
					"$(inherited)",
				);
				GCC_WARN_64_TO_32_BIT_CONVERSION = YES;
				GCC_WARN_ABOUT_RETURN_TYPE = YES_ERROR;
				GCC_WARN_UNDECLARED_SELECTOR = YES;
				GCC_WARN_UNINITIALIZED_AUTOS = YES_AGGRESSIVE;
				GCC_WARN_UNUSED_FUNCTION = YES;
				GCC_WARN_UNUSED_VARIABLE = YES;
				IPHONEOS_DEPLOYMENT_TARGET = 17.0;
				LOCALIZATION_PREFERS_STRING_CATALOGS = YES;
				MTL_ENABLE_DEBUG_INFO = INCLUDE_SOURCE;
				MTL_FAST_MATH = YES;
				ONLY_ACTIVE_ARCH = YES;
				SDKROOT = iphoneos;
				SWIFT_ACTIVE_COMPILATION_CONDITIONS = "DEBUG $(inherited)";
				SWIFT_OPTIMIZATION_LEVEL = "-Onone";
			};
			name = Debug;
		};
		5264623F2B0D5EDB00B06427 /* Release */ = {
			isa = XCBuildConfiguration;
			buildSettings = {
				ALWAYS_SEARCH_USER_PATHS = NO;
				ASSETCATALOG_COMPILER_GENERATE_SWIFT_ASSET_SYMBOL_EXTENSIONS = YES;
				CLANG_ANALYZER_NONNULL = YES;
				CLANG_ANALYZER_NUMBER_OBJECT_CONVERSION = YES_AGGRESSIVE;
				CLANG_CXX_LANGUAGE_STANDARD = "gnu++20";
				CLANG_ENABLE_MODULES = YES;
				CLANG_ENABLE_OBJC_ARC = YES;
				CLANG_ENABLE_OBJC_WEAK = YES;
				CLANG_WARN_BLOCK_CAPTURE_AUTORELEASING = YES;
				CLANG_WARN_BOOL_CONVERSION = YES;
				CLANG_WARN_COMMA = YES;
				CLANG_WARN_CONSTANT_CONVERSION = YES;
				CLANG_WARN_DEPRECATED_OBJC_IMPLEMENTATIONS = YES;
				CLANG_WARN_DIRECT_OBJC_ISA_USAGE = YES_ERROR;
				CLANG_WARN_DOCUMENTATION_COMMENTS = YES;
				CLANG_WARN_EMPTY_BODY = YES;
				CLANG_WARN_ENUM_CONVERSION = YES;
				CLANG_WARN_INFINITE_RECURSION = YES;
				CLANG_WARN_INT_CONVERSION = YES;
				CLANG_WARN_NON_LITERAL_NULL_CONVERSION = YES;
				CLANG_WARN_OBJC_IMPLICIT_RETAIN_SELF = YES;
				CLANG_WARN_OBJC_LITERAL_CONVERSION = YES;
				CLANG_WARN_OBJC_ROOT_CLASS = YES_ERROR;
				CLANG_WARN_QUOTED_INCLUDE_IN_FRAMEWORK_HEADER = YES;
				CLANG_WARN_RANGE_LOOP_ANALYSIS = YES;
				CLANG_WARN_STRICT_PROTOTYPES = YES;
				CLANG_WARN_SUSPICIOUS_MOVE = YES;
				CLANG_WARN_UNGUARDED_AVAILABILITY = YES_AGGRESSIVE;
				CLANG_WARN_UNREACHABLE_CODE = YES;
				CLANG_WARN__DUPLICATE_METHOD_MATCH = YES;
				COPY_PHASE_STRIP = NO;
				DEBUG_INFORMATION_FORMAT = "dwarf-with-dsym";
				ENABLE_NS_ASSERTIONS = NO;
				ENABLE_STRICT_OBJC_MSGSEND = YES;
				ENABLE_USER_SCRIPT_SANDBOXING = YES;
				GCC_C_LANGUAGE_STANDARD = gnu17;
				GCC_NO_COMMON_BLOCKS = YES;
				GCC_WARN_64_TO_32_BIT_CONVERSION = YES;
				GCC_WARN_ABOUT_RETURN_TYPE = YES_ERROR;
				GCC_WARN_UNDECLARED_SELECTOR = YES;
				GCC_WARN_UNINITIALIZED_AUTOS = YES_AGGRESSIVE;
				GCC_WARN_UNUSED_FUNCTION = YES;
				GCC_WARN_UNUSED_VARIABLE = YES;
				IPHONEOS_DEPLOYMENT_TARGET = 17.0;
				LOCALIZATION_PREFERS_STRING_CATALOGS = YES;
				MTL_ENABLE_DEBUG_INFO = NO;
				MTL_FAST_MATH = YES;
				SDKROOT = iphoneos;
				SWIFT_COMPILATION_MODE = wholemodule;
				VALIDATE_PRODUCT = YES;
			};
			name = Release;
		};
		526462412B0D5EDB00B06427 /* Debug */ = {
			isa = XCBuildConfiguration;
			buildSettings = {
				ASSETCATALOG_COMPILER_APPICON_NAME = AppIcon;
				ASSETCATALOG_COMPILER_GLOBAL_ACCENT_COLOR_NAME = AccentColor;
				CODE_SIGN_STYLE = Automatic;
				CURRENT_PROJECT_VERSION = 1;
				DEVELOPMENT_TEAM = 2758CUH3C2;
				GENERATE_INFOPLIST_FILE = YES;
				INFOPLIST_FILE = SimpsonProject/Info.plist;
				INFOPLIST_KEY_UIApplicationSupportsIndirectInputEvents = YES;
				INFOPLIST_KEY_UILaunchStoryboardName = LaunchScreen;
				INFOPLIST_KEY_UISupportedInterfaceOrientations_iPad = "UIInterfaceOrientationPortrait UIInterfaceOrientationPortraitUpsideDown UIInterfaceOrientationLandscapeLeft UIInterfaceOrientationLandscapeRight";
				INFOPLIST_KEY_UISupportedInterfaceOrientations_iPhone = "UIInterfaceOrientationPortrait UIInterfaceOrientationLandscapeLeft UIInterfaceOrientationLandscapeRight";
				LD_RUNPATH_SEARCH_PATHS = (
					"$(inherited)",
					"@executable_path/Frameworks",
				);
				MARKETING_VERSION = 1.0;
				PRODUCT_BUNDLE_IDENTIFIER = com.ulasozturk.SimpsonProject;
				PRODUCT_NAME = "$(TARGET_NAME)";
				SWIFT_EMIT_LOC_STRINGS = YES;
				SWIFT_VERSION = 5.0;
				TARGETED_DEVICE_FAMILY = "1,2";
			};
			name = Debug;
		};
		526462422B0D5EDB00B06427 /* Release */ = {
			isa = XCBuildConfiguration;
			buildSettings = {
				ASSETCATALOG_COMPILER_APPICON_NAME = AppIcon;
				ASSETCATALOG_COMPILER_GLOBAL_ACCENT_COLOR_NAME = AccentColor;
				CODE_SIGN_STYLE = Automatic;
				CURRENT_PROJECT_VERSION = 1;
				DEVELOPMENT_TEAM = 2758CUH3C2;
				GENERATE_INFOPLIST_FILE = YES;
				INFOPLIST_FILE = SimpsonProject/Info.plist;
				INFOPLIST_KEY_UIApplicationSupportsIndirectInputEvents = YES;
				INFOPLIST_KEY_UILaunchStoryboardName = LaunchScreen;
				INFOPLIST_KEY_UISupportedInterfaceOrientations_iPad = "UIInterfaceOrientationPortrait UIInterfaceOrientationPortraitUpsideDown UIInterfaceOrientationLandscapeLeft UIInterfaceOrientationLandscapeRight";
				INFOPLIST_KEY_UISupportedInterfaceOrientations_iPhone = "UIInterfaceOrientationPortrait UIInterfaceOrientationLandscapeLeft UIInterfaceOrientationLandscapeRight";
				LD_RUNPATH_SEARCH_PATHS = (
					"$(inherited)",
					"@executable_path/Frameworks",
				);
				MARKETING_VERSION = 1.0;
				PRODUCT_BUNDLE_IDENTIFIER = com.ulasozturk.SimpsonProject;
				PRODUCT_NAME = "$(TARGET_NAME)";
				SWIFT_EMIT_LOC_STRINGS = YES;
				SWIFT_VERSION = 5.0;
				TARGETED_DEVICE_FAMILY = "1,2";
			};
			name = Release;
		};
/* End XCBuildConfiguration section */

/* Begin XCConfigurationList section */
		526462272B0D5EDA00B06427 /* Build configuration list for PBXProject "SimpsonProject" */ = {
			isa = XCConfigurationList;
			buildConfigurations = (
				5264623E2B0D5EDB00B06427 /* Debug */,
				5264623F2B0D5EDB00B06427 /* Release */,
			);
			defaultConfigurationIsVisible = 0;
			defaultConfigurationName = Release;
		};
		526462402B0D5EDB00B06427 /* Build configuration list for PBXNativeTarget "SimpsonProject" */ = {
			isa = XCConfigurationList;
			buildConfigurations = (
				526462412B0D5EDB00B06427 /* Debug */,
				526462422B0D5EDB00B06427 /* Release */,
			);
			defaultConfigurationIsVisible = 0;
			defaultConfigurationName = Release;
		};
/* End XCConfigurationList section */

/* Begin XCRemoteSwiftPackageReference section */
		52143D2A2B0E8A6900C842CB /* XCRemoteSwiftPackageReference "Alamofire" */ = {
			isa = XCRemoteSwiftPackageReference;
			repositoryURL = "https://github.com/Alamofire/Alamofire.git";
			requirement = {
				kind = upToNextMajorVersion;
				minimumVersion = 5.8.1;
			};
		};
/* End XCRemoteSwiftPackageReference section */

/* Begin XCSwiftPackageProductDependency section */
		52143D2B2B0E8A6900C842CB /* Alamofire */ = {
			isa = XCSwiftPackageProductDependency;
			package = 52143D2A2B0E8A6900C842CB /* XCRemoteSwiftPackageReference "Alamofire" */;
			productName = Alamofire;
		};
/* End XCSwiftPackageProductDependency section */
	};
	rootObject = 526462242B0D5EDA00B06427 /* Project object */;
}
